
Microsoft Visual Studio Solution File, Format Version 12.00
# Visual Studio Version 16
VisualStudioVersion = 16.0.29728.190
MinimumVisualStudioVersion = 10.0.40219.1
Project("{FAE04EC0-301F-11D3-BF4B-00C04F79EFBC}") = "SalesWebMVC", "SalesWebMVC\SalesWebMVC.csproj", "{4DBFCC63-4AF9-43E2-A51A-B6F6C1DF72A3}"
EndProject
Global
	GlobalSection(SolutionConfigurationPlatforms) = preSolution
		Debug|Any CPU = Debug|Any CPU
		Release|Any CPU = Release|Any CPU
	EndGlobalSection
	GlobalSection(ProjectConfigurationPlatforms) = postSolution
		{4DBFCC63-4AF9-43E2-A51A-B6F6C1DF72A3}.Debug|Any CPU.ActiveCfg = Debug|Any CPU
		{4DBFCC63-4AF9-43E2-A51A-B6F6C1DF72A3}.Debug|Any CPU.Build.0 = Debug|Any CPU
		{4DBFCC63-4AF9-43E2-A51A-B6F6C1DF72A3}.Release|Any CPU.ActiveCfg = Release|Any CPU
		{4DBFCC63-4AF9-43E2-A51A-B6F6C1DF72A3}.Release|Any CPU.Build.0 = Release|Any CPU
	EndGlobalSection
	GlobalSection(SolutionProperties) = preSolution
		HideSolutionNode = FALSE
	EndGlobalSection
	GlobalSection(ExtensibilityGlobals) = postSolution
		SolutionGuid = {53F0118A-EC05-4320-9FBA-653DB39AD03D}
	EndGlobalSection
EndGlobal
